// !$*UTF8*$!
{
	archiveVersion = 1;
	classes = {
	};
	objectVersion = 51;
	objects = {

/* Begin PBXBuildFile section */
		441D604E23B20E7B00F07134 /* AppDelegate.m in Sources */ = {isa = PBXBuildFile; fileRef = 441D604D23B20E7B00F07134 /* AppDelegate.m */; };
		441D605423B20E7B00F07134 /* ViewController.m in Sources */ = {isa = PBXBuildFile; fileRef = 441D605323B20E7B00F07134 /* ViewController.m */; };
		441D605723B20E7B00F07134 /* Main.storyboard in Resources */ = {isa = PBXBuildFile; fileRef = 441D605523B20E7B00F07134 /* Main.storyboard */; };
		441D605923B20E7C00F07134 /* Assets.xcassets in Resources */ = {isa = PBXBuildFile; fileRef = 441D605823B20E7C00F07134 /* Assets.xcassets */; };
		441D605C23B20E7C00F07134 /* LaunchScreen.storyboard in Resources */ = {isa = PBXBuildFile; fileRef = 441D605A23B20E7C00F07134 /* LaunchScreen.storyboard */; };
		441D605F23B20E7C00F07134 /* main.m in Sources */ = {isa = PBXBuildFile; fileRef = 441D605E23B20E7C00F07134 /* main.m */; };
		441D606923B20E7C00F07134 /* AchelousTests.m in Sources */ = {isa = PBXBuildFile; fileRef = 441D606823B20E7C00F07134 /* AchelousTests.m */; };
		441D607423B20E7C00F07134 /* AchelousUITests.m in Sources */ = {isa = PBXBuildFile; fileRef = 441D607323B20E7C00F07134 /* AchelousUITests.m */; };
		441D608C23B20EC200F07134 /* OOHomeVC.m in Sources */ = {isa = PBXBuildFile; fileRef = 441D608323B20EC200F07134 /* OOHomeVC.m */; };
		441D608D23B20EC200F07134 /* OONavigationController.m in Sources */ = {isa = PBXBuildFile; fileRef = 441D608823B20EC200F07134 /* OONavigationController.m */; };
		441D609023B20FCF00F07134 /* UIView+OOEasyFrames.m in Sources */ = {isa = PBXBuildFile; fileRef = 441D608F23B20FCF00F07134 /* UIView+OOEasyFrames.m */; };
		441D609523B2117700F07134 /* OOServerApiName.m in Sources */ = {isa = PBXBuildFile; fileRef = 441D609423B2117700F07134 /* OOServerApiName.m */; };
		441D609823B2119F00F07134 /* OOServerService.m in Sources */ = {isa = PBXBuildFile; fileRef = 441D609723B2119F00F07134 /* OOServerService.m */; };
		4AB0696DE17B8B5BCFF08046 /* libPods-Achelous.a in Frameworks */ = {isa = PBXBuildFile; fileRef = AFED6BB4609DC60CD4BAF33B /* libPods-Achelous.a */; };
/* End PBXBuildFile section */

/* Begin PBXContainerItemProxy section */
		441D606523B20E7C00F07134 /* PBXContainerItemProxy */ = {
			isa = PBXContainerItemProxy;
			containerPortal = 441D604123B20E7B00F07134 /* Project object */;
			proxyType = 1;
			remoteGlobalIDString = 441D604823B20E7B00F07134;
			remoteInfo = Achelous;
		};
		441D607023B20E7C00F07134 /* PBXContainerItemProxy */ = {
			isa = PBXContainerItemProxy;
			containerPortal = 441D604123B20E7B00F07134 /* Project object */;
			proxyType = 1;
			remoteGlobalIDString = 441D604823B20E7B00F07134;
			remoteInfo = Achelous;
		};
/* End PBXContainerItemProxy section */

/* Begin PBXFileReference section */
		441D604923B20E7B00F07134 /* Achelous.app */ = {isa = PBXFileReference; explicitFileType = wrapper.application; includeInIndex = 0; path = Achelous.app; sourceTree = BUILT_PRODUCTS_DIR; };
		441D604C23B20E7B00F07134 /* AppDelegate.h */ = {isa = PBXFileReference; lastKnownFileType = sourcecode.c.h; path = AppDelegate.h; sourceTree = "<group>"; };
		441D604D23B20E7B00F07134 /* AppDelegate.m */ = {isa = PBXFileReference; lastKnownFileType = sourcecode.c.objc; path = AppDelegate.m; sourceTree = "<group>"; };
		441D605223B20E7B00F07134 /* ViewController.h */ = {isa = PBXFileReference; lastKnownFileType = sourcecode.c.h; path = ViewController.h; sourceTree = "<group>"; };
		441D605323B20E7B00F07134 /* ViewController.m */ = {isa = PBXFileReference; lastKnownFileType = sourcecode.c.objc; path = ViewController.m; sourceTree = "<group>"; };
		441D605623B20E7B00F07134 /* Base */ = {isa = PBXFileReference; lastKnownFileType = file.storyboard; name = Base; path = Base.lproj/Main.storyboard; sourceTree = "<group>"; };
		441D605823B20E7C00F07134 /* Assets.xcassets */ = {isa = PBXFileReference; lastKnownFileType = folder.assetcatalog; path = Assets.xcassets; sourceTree = "<group>"; };
		441D605B23B20E7C00F07134 /* Base */ = {isa = PBXFileReference; lastKnownFileType = file.storyboard; name = Base; path = Base.lproj/LaunchScreen.storyboard; sourceTree = "<group>"; };
		441D605D23B20E7C00F07134 /* Info.plist */ = {isa = PBXFileReference; lastKnownFileType = text.plist.xml; path = Info.plist; sourceTree = "<group>"; };
		441D605E23B20E7C00F07134 /* main.m */ = {isa = PBXFileReference; lastKnownFileType = sourcecode.c.objc; path = main.m; sourceTree = "<group>"; };
		441D606423B20E7C00F07134 /* AchelousTests.xctest */ = {isa = PBXFileReference; explicitFileType = wrapper.cfbundle; includeInIndex = 0; path = AchelousTests.xctest; sourceTree = BUILT_PRODUCTS_DIR; };
		441D606823B20E7C00F07134 /* AchelousTests.m */ = {isa = PBXFileReference; lastKnownFileType = sourcecode.c.objc; path = AchelousTests.m; sourceTree = "<group>"; };
		441D606A23B20E7C00F07134 /* Info.plist */ = {isa = PBXFileReference; lastKnownFileType = text.plist.xml; path = Info.plist; sourceTree = "<group>"; };
		441D606F23B20E7C00F07134 /* AchelousUITests.xctest */ = {isa = PBXFileReference; explicitFileType = wrapper.cfbundle; includeInIndex = 0; path = AchelousUITests.xctest; sourceTree = BUILT_PRODUCTS_DIR; };
		441D607323B20E7C00F07134 /* AchelousUITests.m */ = {isa = PBXFileReference; lastKnownFileType = sourcecode.c.objc; path = AchelousUITests.m; sourceTree = "<group>"; };
		441D607523B20E7C00F07134 /* Info.plist */ = {isa = PBXFileReference; lastKnownFileType = text.plist.xml; path = Info.plist; sourceTree = "<group>"; };
		441D608323B20EC200F07134 /* OOHomeVC.m */ = {isa = PBXFileReference; fileEncoding = 4; lastKnownFileType = sourcecode.c.objc; path = OOHomeVC.m; sourceTree = "<group>"; };
		441D608423B20EC200F07134 /* OOHomeVC.h */ = {isa = PBXFileReference; fileEncoding = 4; lastKnownFileType = sourcecode.c.h; path = OOHomeVC.h; sourceTree = "<group>"; };
		441D608723B20EC200F07134 /* OONavigationController.h */ = {isa = PBXFileReference; fileEncoding = 4; lastKnownFileType = sourcecode.c.h; path = OONavigationController.h; sourceTree = "<group>"; };
		441D608823B20EC200F07134 /* OONavigationController.m */ = {isa = PBXFileReference; fileEncoding = 4; lastKnownFileType = sourcecode.c.objc; path = OONavigationController.m; sourceTree = "<group>"; };
		441D608E23B20FCF00F07134 /* UIView+OOEasyFrames.h */ = {isa = PBXFileReference; fileEncoding = 4; lastKnownFileType = sourcecode.c.h; path = "UIView+OOEasyFrames.h"; sourceTree = "<group>"; };
		441D608F23B20FCF00F07134 /* UIView+OOEasyFrames.m */ = {isa = PBXFileReference; fileEncoding = 4; lastKnownFileType = sourcecode.c.objc; path = "UIView+OOEasyFrames.m"; sourceTree = "<group>"; };
		441D609123B20FF800F07134 /* OOUIKit.h */ = {isa = PBXFileReference; lastKnownFileType = sourcecode.c.h; path = OOUIKit.h; sourceTree = "<group>"; };
		441D609223B2106400F07134 /* OONetwork.h */ = {isa = PBXFileReference; lastKnownFileType = sourcecode.c.h; path = OONetwork.h; sourceTree = "<group>"; };
		441D609323B2117700F07134 /* OOServerApiName.h */ = {isa = PBXFileReference; lastKnownFileType = sourcecode.c.h; path = OOServerApiName.h; sourceTree = "<group>"; };
		441D609423B2117700F07134 /* OOServerApiName.m */ = {isa = PBXFileReference; lastKnownFileType = sourcecode.c.objc; path = OOServerApiName.m; sourceTree = "<group>"; };
		441D609623B2119F00F07134 /* OOServerService.h */ = {isa = PBXFileReference; lastKnownFileType = sourcecode.c.h; path = OOServerService.h; sourceTree = "<group>"; };
		441D609723B2119F00F07134 /* OOServerService.m */ = {isa = PBXFileReference; lastKnownFileType = sourcecode.c.objc; path = OOServerService.m; sourceTree = "<group>"; };
		441D609923B211E100F07134 /* OOAppCommonDef.h */ = {isa = PBXFileReference; lastKnownFileType = sourcecode.c.h; path = OOAppCommonDef.h; sourceTree = "<group>"; };
		4A7E86C2E9AE47E23EB97C0E /* Pods-Achelous.debug.xcconfig */ = {isa = PBXFileReference; includeInIndex = 1; lastKnownFileType = text.xcconfig; name = "Pods-Achelous.debug.xcconfig"; path = "Target Support Files/Pods-Achelous/Pods-Achelous.debug.xcconfig"; sourceTree = "<group>"; };
		ACB678F4D203D137A601AEA8 /* Pods-Achelous.release.xcconfig */ = {isa = PBXFileReference; includeInIndex = 1; lastKnownFileType = text.xcconfig; name = "Pods-Achelous.release.xcconfig"; path = "Target Support Files/Pods-Achelous/Pods-Achelous.release.xcconfig"; sourceTree = "<group>"; };
		AFED6BB4609DC60CD4BAF33B /* libPods-Achelous.a */ = {isa = PBXFileReference; explicitFileType = archive.ar; includeInIndex = 0; path = "libPods-Achelous.a"; sourceTree = BUILT_PRODUCTS_DIR; };
/* End PBXFileReference section */

/* Begin PBXFrameworksBuildPhase section */
		441D604623B20E7B00F07134 /* Frameworks */ = {
			isa = PBXFrameworksBuildPhase;
			buildActionMask = 2147483647;
			files = (
				4AB0696DE17B8B5BCFF08046 /* libPods-Achelous.a in Frameworks */,
			);
			runOnlyForDeploymentPostprocessing = 0;
		};
		441D606123B20E7C00F07134 /* Frameworks */ = {
			isa = PBXFrameworksBuildPhase;
			buildActionMask = 2147483647;
			files = (
			);
			runOnlyForDeploymentPostprocessing = 0;
		};
		441D606C23B20E7C00F07134 /* Frameworks */ = {
			isa = PBXFrameworksBuildPhase;
			buildActionMask = 2147483647;
			files = (
			);
			runOnlyForDeploymentPostprocessing = 0;
		};
/* End PBXFrameworksBuildPhase section */

/* Begin PBXGroup section */
		441D604023B20E7B00F07134 = {
			isa = PBXGroup;
			children = (
				441D604B23B20E7B00F07134 /* Achelous */,
				441D606723B20E7C00F07134 /* AchelousTests */,
				441D607223B20E7C00F07134 /* AchelousUITests */,
				441D604A23B20E7B00F07134 /* Products */,
				4AC1F9D4CA901CC1E175C83D /* Pods */,
				B64676710B3E6E225EB32FFD /* Frameworks */,
			);
			sourceTree = "<group>";
		};
		441D604A23B20E7B00F07134 /* Products */ = {
			isa = PBXGroup;
			children = (
				441D604923B20E7B00F07134 /* Achelous.app */,
				441D606423B20E7C00F07134 /* AchelousTests.xctest */,
				441D606F23B20E7C00F07134 /* AchelousUITests.xctest */,
			);
			name = Products;
			sourceTree = "<group>";
		};
		441D604B23B20E7B00F07134 /* Achelous */ = {
			isa = PBXGroup;
			children = (
				441D604C23B20E7B00F07134 /* AppDelegate.h */,
				441D604D23B20E7B00F07134 /* AppDelegate.m */,
				441D605223B20E7B00F07134 /* ViewController.h */,
				441D605323B20E7B00F07134 /* ViewController.m */,
				441D605523B20E7B00F07134 /* Main.storyboard */,
				441D605823B20E7C00F07134 /* Assets.xcassets */,
				441D605A23B20E7C00F07134 /* LaunchScreen.storyboard */,
				441D605D23B20E7C00F07134 /* Info.plist */,
				441D605E23B20E7C00F07134 /* main.m */,
				441D608123B20EC200F07134 /* Code */,
			);
			path = Achelous;
			sourceTree = "<group>";
		};
		441D606723B20E7C00F07134 /* AchelousTests */ = {
			isa = PBXGroup;
			children = (
				441D606823B20E7C00F07134 /* AchelousTests.m */,
				441D606A23B20E7C00F07134 /* Info.plist */,
			);
			path = AchelousTests;
			sourceTree = "<group>";
		};
		441D607223B20E7C00F07134 /* AchelousUITests */ = {
			isa = PBXGroup;
			children = (
				441D607323B20E7C00F07134 /* AchelousUITests.m */,
				441D607523B20E7C00F07134 /* Info.plist */,
			);
			path = AchelousUITests;
			sourceTree = "<group>";
		};
		441D608123B20EC200F07134 /* Code */ = {
			isa = PBXGroup;
			children = (
				441D608223B20EC200F07134 /* Business */,
				441D608523B20EC200F07134 /* Common */,
			);
			path = Code;
			sourceTree = "<group>";
		};
		441D608223B20EC200F07134 /* Business */ = {
			isa = PBXGroup;
			children = (
				441D608423B20EC200F07134 /* OOHomeVC.h */,
				441D608323B20EC200F07134 /* OOHomeVC.m */,
			);
			path = Business;
			sourceTree = "<group>";
		};
		441D608523B20EC200F07134 /* Common */ = {
			isa = PBXGroup;
			children = (
				441D609923B211E100F07134 /* OOAppCommonDef.h */,
				441D608623B20EC200F07134 /* NavigationController */,
				441D608923B20EC200F07134 /* UIKit */,
				441D608A23B20EC200F07134 /* Network */,
				441D608B23B20EC200F07134 /* ToolKit */,
			);
			path = Common;
			sourceTree = "<group>";
		};
		441D608623B20EC200F07134 /* NavigationController */ = {
			isa = PBXGroup;
			children = (
				441D608723B20EC200F07134 /* OONavigationController.h */,
				441D608823B20EC200F07134 /* OONavigationController.m */,
			);
			path = NavigationController;
			sourceTree = "<group>";
		};
		441D608923B20EC200F07134 /* UIKit */ = {
			isa = PBXGroup;
			children = (
				441D609123B20FF800F07134 /* OOUIKit.h */,
				441D608E23B20FCF00F07134 /* UIView+OOEasyFrames.h */,
				441D608F23B20FCF00F07134 /* UIView+OOEasyFrames.m */,
			);
			path = UIKit;
			sourceTree = "<group>";
		};
		441D608A23B20EC200F07134 /* Network */ = {
			isa = PBXGroup;
			children = (
				441D609223B2106400F07134 /* OONetwork.h */,
				441D609623B2119F00F07134 /* OOServerService.h */,
				441D609723B2119F00F07134 /* OOServerService.m */,
				441D609323B2117700F07134 /* OOServerApiName.h */,
				441D609423B2117700F07134 /* OOServerApiName.m */,
			);
			path = Network;
			sourceTree = "<group>";
		};
		441D608B23B20EC200F07134 /* ToolKit */ = {
			isa = PBXGroup;
			children = (
			);
			path = ToolKit;
			sourceTree = "<group>";
		};
		4AC1F9D4CA901CC1E175C83D /* Pods */ = {
			isa = PBXGroup;
			children = (
				4A7E86C2E9AE47E23EB97C0E /* Pods-Achelous.debug.xcconfig */,
				ACB678F4D203D137A601AEA8 /* Pods-Achelous.release.xcconfig */,
			);
			path = Pods;
			sourceTree = "<group>";
		};
		B64676710B3E6E225EB32FFD /* Frameworks */ = {
			isa = PBXGroup;
			children = (
				AFED6BB4609DC60CD4BAF33B /* libPods-Achelous.a */,
			);
			name = Frameworks;
			sourceTree = "<group>";
		};
/* End PBXGroup section */

/* Begin PBXNativeTarget section */
		441D604823B20E7B00F07134 /* Achelous */ = {
			isa = PBXNativeTarget;
			buildConfigurationList = 441D607823B20E7C00F07134 /* Build configuration list for PBXNativeTarget "Achelous" */;
			buildPhases = (
				4E3FA9B60D4A36EB0EAA1186 /* [CP] Check Pods Manifest.lock */,
				441D604523B20E7B00F07134 /* Sources */,
				441D604623B20E7B00F07134 /* Frameworks */,
				441D604723B20E7B00F07134 /* Resources */,
				82CE583965C975098E0AFD61 /* [CP] Embed Pods Frameworks */,
				8CC3DF175D6695888476D119 /* [CP] Copy Pods Resources */,
			);
			buildRules = (
			);
			dependencies = (
			);
			name = Achelous;
			productName = Achelous;
			productReference = 441D604923B20E7B00F07134 /* Achelous.app */;
			productType = "com.apple.product-type.application";
		};
		441D606323B20E7C00F07134 /* AchelousTests */ = {
			isa = PBXNativeTarget;
			buildConfigurationList = 441D607B23B20E7C00F07134 /* Build configuration list for PBXNativeTarget "AchelousTests" */;
			buildPhases = (
				441D606023B20E7C00F07134 /* Sources */,
				441D606123B20E7C00F07134 /* Frameworks */,
				441D606223B20E7C00F07134 /* Resources */,
			);
			buildRules = (
			);
			dependencies = (
				441D606623B20E7C00F07134 /* PBXTargetDependency */,
			);
			name = AchelousTests;
			productName = AchelousTests;
			productReference = 441D606423B20E7C00F07134 /* AchelousTests.xctest */;
			productType = "com.apple.product-type.bundle.unit-test";
		};
		441D606E23B20E7C00F07134 /* AchelousUITests */ = {
			isa = PBXNativeTarget;
			buildConfigurationList = 441D607E23B20E7C00F07134 /* Build configuration list for PBXNativeTarget "AchelousUITests" */;
			buildPhases = (
				441D606B23B20E7C00F07134 /* Sources */,
				441D606C23B20E7C00F07134 /* Frameworks */,
				441D606D23B20E7C00F07134 /* Resources */,
			);
			buildRules = (
			);
			dependencies = (
				441D607123B20E7C00F07134 /* PBXTargetDependency */,
			);
			name = AchelousUITests;
			productName = AchelousUITests;
			productReference = 441D606F23B20E7C00F07134 /* AchelousUITests.xctest */;
			productType = "com.apple.product-type.bundle.ui-testing";
		};
/* End PBXNativeTarget section */

/* Begin PBXProject section */
		441D604123B20E7B00F07134 /* Project object */ = {
			isa = PBXProject;
			attributes = {
				LastUpgradeCheck = 1120;
				ORGANIZATIONNAME = hzy;
				TargetAttributes = {
					441D604823B20E7B00F07134 = {
						CreatedOnToolsVersion = 11.2.1;
					};
					441D606323B20E7C00F07134 = {
						CreatedOnToolsVersion = 11.2.1;
						TestTargetID = 441D604823B20E7B00F07134;
					};
					441D606E23B20E7C00F07134 = {
						CreatedOnToolsVersion = 11.2.1;
						TestTargetID = 441D604823B20E7B00F07134;
					};
				};
			};
			buildConfigurationList = 441D604423B20E7B00F07134 /* Build configuration list for PBXProject "Achelous" */;
			compatibilityVersion = "Xcode 9.3";
			developmentRegion = en;
			hasScannedForEncodings = 0;
			knownRegions = (
				en,
				Base,
			);
			mainGroup = 441D604023B20E7B00F07134;
			productRefGroup = 441D604A23B20E7B00F07134 /* Products */;
			projectDirPath = "";
			projectRoot = "";
			targets = (
				441D604823B20E7B00F07134 /* Achelous */,
				441D606323B20E7C00F07134 /* AchelousTests */,
				441D606E23B20E7C00F07134 /* AchelousUITests */,
			);
		};
/* End PBXProject section */

/* Begin PBXResourcesBuildPhase section */
		441D604723B20E7B00F07134 /* Resources */ = {
			isa = PBXResourcesBuildPhase;
			buildActionMask = 2147483647;
			files = (
				441D605C23B20E7C00F07134 /* LaunchScreen.storyboard in Resources */,
				441D605923B20E7C00F07134 /* Assets.xcassets in Resources */,
				441D605723B20E7B00F07134 /* Main.storyboard in Resources */,
			);
			runOnlyForDeploymentPostprocessing = 0;
		};
		441D606223B20E7C00F07134 /* Resources */ = {
			isa = PBXResourcesBuildPhase;
			buildActionMask = 2147483647;
			files = (
			);
			runOnlyForDeploymentPostprocessing = 0;
		};
		441D606D23B20E7C00F07134 /* Resources */ = {
			isa = PBXResourcesBuildPhase;
			buildActionMask = 2147483647;
			files = (
			);
			runOnlyForDeploymentPostprocessing = 0;
		};
/* End PBXResourcesBuildPhase section */

/* Begin PBXShellScriptBuildPhase section */
		4E3FA9B60D4A36EB0EAA1186 /* [CP] Check Pods Manifest.lock */ = {
			isa = PBXShellScriptBuildPhase;
			buildActionMask = 2147483647;
			files = (
			);
			inputFileListPaths = (
			);
			inputPaths = (
				"${PODS_PODFILE_DIR_PATH}/Podfile.lock",
				"${PODS_ROOT}/Manifest.lock",
			);
			name = "[CP] Check Pods Manifest.lock";
			outputFileListPaths = (
			);
			outputPaths = (
				"$(DERIVED_FILE_DIR)/Pods-Achelous-checkManifestLockResult.txt",
			);
			runOnlyForDeploymentPostprocessing = 0;
			shellPath = /bin/sh;
			shellScript = "diff \"${PODS_PODFILE_DIR_PATH}/Podfile.lock\" \"${PODS_ROOT}/Manifest.lock\" > /dev/null\nif [ $? != 0 ] ; then\n    # print error to STDERR\n    echo \"error: The sandbox is not in sync with the Podfile.lock. Run 'pod install' or update your CocoaPods installation.\" >&2\n    exit 1\nfi\n# This output is used by Xcode 'outputs' to avoid re-running this script phase.\necho \"SUCCESS\" > \"${SCRIPT_OUTPUT_FILE_0}\"\n";
			showEnvVarsInLog = 0;
		};
		82CE583965C975098E0AFD61 /* [CP] Embed Pods Frameworks */ = {
			isa = PBXShellScriptBuildPhase;
			buildActionMask = 2147483647;
			files = (
			);
			inputFileListPaths = (
				"${PODS_ROOT}/Target Support Files/Pods-Achelous/Pods-Achelous-frameworks-${CONFIGURATION}-input-files.xcfilelist",
			);
			name = "[CP] Embed Pods Frameworks";
			outputFileListPaths = (
				"${PODS_ROOT}/Target Support Files/Pods-Achelous/Pods-Achelous-frameworks-${CONFIGURATION}-output-files.xcfilelist",
			);
			runOnlyForDeploymentPostprocessing = 0;
			shellPath = /bin/sh;
			shellScript = "\"${PODS_ROOT}/Target Support Files/Pods-Achelous/Pods-Achelous-frameworks.sh\"\n";
			showEnvVarsInLog = 0;
		};
		8CC3DF175D6695888476D119 /* [CP] Copy Pods Resources */ = {
			isa = PBXShellScriptBuildPhase;
			buildActionMask = 2147483647;
			files = (
			);
			inputFileListPaths = (
				"${PODS_ROOT}/Target Support Files/Pods-Achelous/Pods-Achelous-resources-${CONFIGURATION}-input-files.xcfilelist",
			);
			name = "[CP] Copy Pods Resources";
			outputFileListPaths = (
				"${PODS_ROOT}/Target Support Files/Pods-Achelous/Pods-Achelous-resources-${CONFIGURATION}-output-files.xcfilelist",
			);
			runOnlyForDeploymentPostprocessing = 0;
			shellPath = /bin/sh;
			shellScript = "\"${PODS_ROOT}/Target Support Files/Pods-Achelous/Pods-Achelous-resources.sh\"\n";
			showEnvVarsInLog = 0;
		};
/* End PBXShellScriptBuildPhase section */

/* Begin PBXSourcesBuildPhase section */
		441D604523B20E7B00F07134 /* Sources */ = {
			isa = PBXSourcesBuildPhase;
			buildActionMask = 2147483647;
			files = (
				441D605423B20E7B00F07134 /* ViewController.m in Sources */,
				441D609023B20FCF00F07134 /* UIView+OOEasyFrames.m in Sources */,
				441D609823B2119F00F07134 /* OOServerService.m in Sources */,
				441D608C23B20EC200F07134 /* OOHomeVC.m in Sources */,
				441D608D23B20EC200F07134 /* OONavigationController.m in Sources */,
				441D609523B2117700F07134 /* OOServerApiName.m in Sources */,
				441D604E23B20E7B00F07134 /* AppDelegate.m in Sources */,
				441D605F23B20E7C00F07134 /* main.m in Sources */,
			);
			runOnlyForDeploymentPostprocessing = 0;
		};
		441D606023B20E7C00F07134 /* Sources */ = {
			isa = PBXSourcesBuildPhase;
			buildActionMask = 2147483647;
			files = (
				441D606923B20E7C00F07134 /* AchelousTests.m in Sources */,
			);
			runOnlyForDeploymentPostprocessing = 0;
		};
		441D606B23B20E7C00F07134 /* Sources */ = {
			isa = PBXSourcesBuildPhase;
			buildActionMask = 2147483647;
			files = (
				441D607423B20E7C00F07134 /* AchelousUITests.m in Sources */,
			);
			runOnlyForDeploymentPostprocessing = 0;
		};
/* End PBXSourcesBuildPhase section */

/* Begin PBXTargetDependency section */
		441D606623B20E7C00F07134 /* PBXTargetDependency */ = {
			isa = PBXTargetDependency;
			target = 441D604823B20E7B00F07134 /* Achelous */;
			targetProxy = 441D606523B20E7C00F07134 /* PBXContainerItemProxy */;
		};
		441D607123B20E7C00F07134 /* PBXTargetDependency */ = {
			isa = PBXTargetDependency;
			target = 441D604823B20E7B00F07134 /* Achelous */;
			targetProxy = 441D607023B20E7C00F07134 /* PBXContainerItemProxy */;
		};
/* End PBXTargetDependency section */

/* Begin PBXVariantGroup section */
		441D605523B20E7B00F07134 /* Main.storyboard */ = {
			isa = PBXVariantGroup;
			children = (
				441D605623B20E7B00F07134 /* Base */,
			);
			name = Main.storyboard;
			sourceTree = "<group>";
		};
		441D605A23B20E7C00F07134 /* LaunchScreen.storyboard */ = {
			isa = PBXVariantGroup;
			children = (
				441D605B23B20E7C00F07134 /* Base */,
			);
			name = LaunchScreen.storyboard;
			sourceTree = "<group>";
		};
/* End PBXVariantGroup section */

/* Begin XCBuildConfiguration section */
		441D607623B20E7C00F07134 /* Debug */ = {
			isa = XCBuildConfiguration;
			buildSettings = {
				ALWAYS_SEARCH_USER_PATHS = NO;
				CLANG_ANALYZER_NONNULL = YES;
				CLANG_ANALYZER_NUMBER_OBJECT_CONVERSION = YES_AGGRESSIVE;
				CLANG_CXX_LANGUAGE_STANDARD = "gnu++14";
				CLANG_CXX_LIBRARY = "libc++";
				CLANG_ENABLE_MODULES = YES;
				CLANG_ENABLE_OBJC_ARC = YES;
				CLANG_ENABLE_OBJC_WEAK = YES;
				CLANG_WARN_BLOCK_CAPTURE_AUTORELEASING = YES;
				CLANG_WARN_BOOL_CONVERSION = YES;
				CLANG_WARN_COMMA = YES;
				CLANG_WARN_CONSTANT_CONVERSION = YES;
				CLANG_WARN_DEPRECATED_OBJC_IMPLEMENTATIONS = YES;
				CLANG_WARN_DIRECT_OBJC_ISA_USAGE = YES_ERROR;
				CLANG_WARN_DOCUMENTATION_COMMENTS = YES;
				CLANG_WARN_EMPTY_BODY = YES;
				CLANG_WARN_ENUM_CONVERSION = YES;
				CLANG_WARN_INFINITE_RECURSION = YES;
				CLANG_WARN_INT_CONVERSION = YES;
				CLANG_WARN_NON_LITERAL_NULL_CONVERSION = YES;
				CLANG_WARN_OBJC_IMPLICIT_RETAIN_SELF = YES;
				CLANG_WARN_OBJC_LITERAL_CONVERSION = YES;
				CLANG_WARN_OBJC_ROOT_CLASS = YES_ERROR;
				CLANG_WARN_RANGE_LOOP_ANALYSIS = YES;
				CLANG_WARN_STRICT_PROTOTYPES = YES;
				CLANG_WARN_SUSPICIOUS_MOVE = YES;
				CLANG_WARN_UNGUARDED_AVAILABILITY = YES_AGGRESSIVE;
				CLANG_WARN_UNREACHABLE_CODE = YES;
				CLANG_WARN__DUPLICATE_METHOD_MATCH = YES;
				COPY_PHASE_STRIP = NO;
				DEBUG_INFORMATION_FORMAT = dwarf;
				ENABLE_STRICT_OBJC_MSGSEND = YES;
				ENABLE_TESTABILITY = YES;
				GCC_C_LANGUAGE_STANDARD = gnu11;
				GCC_DYNAMIC_NO_PIC = NO;
				GCC_NO_COMMON_BLOCKS = YES;
				GCC_OPTIMIZATION_LEVEL = 0;
				GCC_PREPROCESSOR_DEFINITIONS = (
					"DEBUG=1",
					"$(inherited)",
				);
				GCC_WARN_64_TO_32_BIT_CONVERSION = YES;
				GCC_WARN_ABOUT_RETURN_TYPE = YES_ERROR;
				GCC_WARN_UNDECLARED_SELECTOR = YES;
				GCC_WARN_UNINITIALIZED_AUTOS = YES_AGGRESSIVE;
				GCC_WARN_UNUSED_FUNCTION = YES;
				GCC_WARN_UNUSED_VARIABLE = YES;
				IPHONEOS_DEPLOYMENT_TARGET = 13.2;
				MTL_ENABLE_DEBUG_INFO = INCLUDE_SOURCE;
				MTL_FAST_MATH = YES;
				ONLY_ACTIVE_ARCH = YES;
				SDKROOT = iphoneos;
			};
			name = Debug;
		};
		441D607723B20E7C00F07134 /* Release */ = {
			isa = XCBuildConfiguration;
			buildSettings = {
				ALWAYS_SEARCH_USER_PATHS = NO;
				CLANG_ANALYZER_NONNULL = YES;
				CLANG_ANALYZER_NUMBER_OBJECT_CONVERSION = YES_AGGRESSIVE;
				CLANG_CXX_LANGUAGE_STANDARD = "gnu++14";
				CLANG_CXX_LIBRARY = "libc++";
				CLANG_ENABLE_MODULES = YES;
				CLANG_ENABLE_OBJC_ARC = YES;
				CLANG_ENABLE_OBJC_WEAK = YES;
				CLANG_WARN_BLOCK_CAPTURE_AUTORELEASING = YES;
				CLANG_WARN_BOOL_CONVERSION = YES;
				CLANG_WARN_COMMA = YES;
				CLANG_WARN_CONSTANT_CONVERSION = YES;
				CLANG_WARN_DEPRECATED_OBJC_IMPLEMENTATIONS = YES;
				CLANG_WARN_DIRECT_OBJC_ISA_USAGE = YES_ERROR;
				CLANG_WARN_DOCUMENTATION_COMMENTS = YES;
				CLANG_WARN_EMPTY_BODY = YES;
				CLANG_WARN_ENUM_CONVERSION = YES;
				CLANG_WARN_INFINITE_RECURSION = YES;
				CLANG_WARN_INT_CONVERSION = YES;
				CLANG_WARN_NON_LITERAL_NULL_CONVERSION = YES;
				CLANG_WARN_OBJC_IMPLICIT_RETAIN_SELF = YES;
				CLANG_WARN_OBJC_LITERAL_CONVERSION = YES;
				CLANG_WARN_OBJC_ROOT_CLASS = YES_ERROR;
				CLANG_WARN_RANGE_LOOP_ANALYSIS = YES;
				CLANG_WARN_STRICT_PROTOTYPES = YES;
				CLANG_WARN_SUSPICIOUS_MOVE = YES;
				CLANG_WARN_UNGUARDED_AVAILABILITY = YES_AGGRESSIVE;
				CLANG_WARN_UNREACHABLE_CODE = YES;
				CLANG_WARN__DUPLICATE_METHOD_MATCH = YES;
				COPY_PHASE_STRIP = NO;
				DEBUG_INFORMATION_FORMAT = "dwarf-with-dsym";
				ENABLE_NS_ASSERTIONS = NO;
				ENABLE_STRICT_OBJC_MSGSEND = YES;
				GCC_C_LANGUAGE_STANDARD = gnu11;
				GCC_NO_COMMON_BLOCKS = YES;
				GCC_WARN_64_TO_32_BIT_CONVERSION = YES;
				GCC_WARN_ABOUT_RETURN_TYPE = YES_ERROR;
				GCC_WARN_UNDECLARED_SELECTOR = YES;
				GCC_WARN_UNINITIALIZED_AUTOS = YES_AGGRESSIVE;
				GCC_WARN_UNUSED_FUNCTION = YES;
				GCC_WARN_UNUSED_VARIABLE = YES;
				IPHONEOS_DEPLOYMENT_TARGET = 13.2;
				MTL_ENABLE_DEBUG_INFO = NO;
				MTL_FAST_MATH = YES;
				SDKROOT = iphoneos;
				VALIDATE_PRODUCT = YES;
			};
			name = Release;
		};
		441D607923B20E7C00F07134 /* Debug */ = {
			isa = XCBuildConfiguration;
			baseConfigurationReference = 4A7E86C2E9AE47E23EB97C0E /* Pods-Achelous.debug.xcconfig */;
			buildSettings = {
				ASSETCATALOG_COMPILER_APPICON_NAME = AppIcon;
				CODE_SIGN_STYLE = Automatic;
				DEVELOPMENT_TEAM = BMP99N9345;
				INFOPLIST_FILE = Achelous/Info.plist;
				IPHONEOS_DEPLOYMENT_TARGET = 9.0;
				LD_RUNPATH_SEARCH_PATHS = (
					"$(inherited)",
					"@executable_path/Frameworks",
				);
				PRODUCT_BUNDLE_IDENTIFIER = com.hezhang.Achelous;
				PRODUCT_NAME = "$(TARGET_NAME)";
				TARGETED_DEVICE_FAMILY = "1,2";
			};
			name = Debug;
		};
		441D607A23B20E7C00F07134 /* Release */ = {
			isa = XCBuildConfiguration;
			baseConfigurationReference = ACB678F4D203D137A601AEA8 /* Pods-Achelous.release.xcconfig */;
			buildSettings = {
				ASSETCATALOG_COMPILER_APPICON_NAME = AppIcon;
				CODE_SIGN_STYLE = Automatic;
				DEVELOPMENT_TEAM = BMP99N9345;
				INFOPLIST_FILE = Achelous/Info.plist;
				IPHONEOS_DEPLOYMENT_TARGET = 9.0;
				LD_RUNPATH_SEARCH_PATHS = (
					"$(inherited)",
					"@executable_path/Frameworks",
				);
				PRODUCT_BUNDLE_IDENTIFIER = com.hezhang.Achelous;
				PRODUCT_NAME = "$(TARGET_NAME)";
				TARGETED_DEVICE_FAMILY = "1,2";
			};
			name = Release;
		};
		441D607C23B20E7C00F07134 /* Debug */ = {
			isa = XCBuildConfiguration;
			buildSettings = {
				BUNDLE_LOADER = "$(TEST_HOST)";
				CODE_SIGN_STYLE = Automatic;
				DEVELOPMENT_TEAM = 94X3HRNXNT;
				INFOPLIST_FILE = AchelousTests/Info.plist;
				IPHONEOS_DEPLOYMENT_TARGET = 13.2;
				LD_RUNPATH_SEARCH_PATHS = (
					"$(inherited)",
					"@executable_path/Frameworks",
					"@loader_path/Frameworks",
				);
				PRODUCT_BUNDLE_IDENTIFIER = com.hezhang.AchelousTests;
				PRODUCT_NAME = "$(TARGET_NAME)";
				TARGETED_DEVICE_FAMILY = "1,2";
				TEST_HOST = "$(BUILT_PRODUCTS_DIR)/Achelous.app/Achelous";
			};
			name = Debug;
		};
		441D607D23B20E7C00F07134 /* Release */ = {
			isa = XCBuildConfiguration;
			buildSettings = {
				BUNDLE_LOADER = "$(TEST_HOST)";
				CODE_SIGN_STYLE = Automatic;
				DEVELOPMENT_TEAM = 94X3HRNXNT;
				INFOPLIST_FILE = AchelousTests/Info.plist;
				IPHONEOS_DEPLOYMENT_TARGET = 13.2;
				LD_RUNPATH_SEARCH_PATHS = (
					"$(inherited)",
					"@executable_path/Frameworks",
					"@loader_path/Frameworks",
				);
				PRODUCT_BUNDLE_IDENTIFIER = com.hezhang.AchelousTests;
				PRODUCT_NAME = "$(TARGET_NAME)";
				TARGETED_DEVICE_FAMILY = "1,2";
				TEST_HOST = "$(BUILT_PRODUCTS_DIR)/Achelous.app/Achelous";
			};
			name = Release;
		};
		441D607F23B20E7C00F07134 /* Debug */ = {
			isa = XCBuildConfiguration;
			buildSettings = {
				CODE_SIGN_STYLE = Automatic;
				DEVELOPMENT_TEAM = 94X3HRNXNT;
				INFOPLIST_FILE = AchelousUITests/Info.plist;
				LD_RUNPATH_SEARCH_PATHS = (
					"$(inherited)",
					"@executable_path/Frameworks",
					"@loader_path/Frameworks",
				);
				PRODUCT_BUNDLE_IDENTIFIER = com.hezhang.AchelousUITests;
				PRODUCT_NAME = "$(TARGET_NAME)";
				TARGETED_DEVICE_FAMILY = "1,2";
				TEST_TARGET_NAME = Achelous;
			};
			name = Debug;
		};
		441D608023B20E7C00F07134 /* Release */ = {
			isa = XCBuildConfiguration;
			buildSettings = {
				CODE_SIGN_STYLE = Automatic;
				DEVELOPMENT_TEAM = 94X3HRNXNT;
				INFOPLIST_FILE = AchelousUITests/Info.plist;
				LD_RUNPATH_SEARCH_PATHS = (
					"$(inherited)",
					"@executable_path/Frameworks",
					"@loader_path/Frameworks",
				);
				PRODUCT_BUNDLE_IDENTIFIER = com.hezhang.AchelousUITests;
				PRODUCT_NAME = "$(TARGET_NAME)";
				TARGETED_DEVICE_FAMILY = "1,2";
				TEST_TARGET_NAME = Achelous;
			};
			name = Release;
		};
/* End XCBuildConfiguration section */

/* Begin XCConfigurationList section */
		441D604423B20E7B00F07134 /* Build configuration list for PBXProject "Achelous" */ = {
			isa = XCConfigurationList;
			buildConfigurations = (
				441D607623B20E7C00F07134 /* Debug */,
				441D607723B20E7C00F07134 /* Release */,
			);
			defaultConfigurationIsVisible = 0;
			defaultConfigurationName = Release;
		};
		441D607823B20E7C00F07134 /* Build configuration list for PBXNativeTarget "Achelous" */ = {
			isa = XCConfigurationList;
			buildConfigurations = (
				441D607923B20E7C00F07134 /* Debug */,
				441D607A23B20E7C00F07134 /* Release */,
			);
			defaultConfigurationIsVisible = 0;
			defaultConfigurationName = Release;
		};
		441D607B23B20E7C00F07134 /* Build configuration list for PBXNativeTarget "AchelousTests" */ = {
			isa = XCConfigurationList;
			buildConfigurations = (
				441D607C23B20E7C00F07134 /* Debug */,
				441D607D23B20E7C00F07134 /* Release */,
			);
			defaultConfigurationIsVisible = 0;
			defaultConfigurationName = Release;
		};
		441D607E23B20E7C00F07134 /* Build configuration list for PBXNativeTarget "AchelousUITests" */ = {
			isa = XCConfigurationList;
			buildConfigurations = (
				441D607F23B20E7C00F07134 /* Debug */,
				441D608023B20E7C00F07134 /* Release */,
			);
			defaultConfigurationIsVisible = 0;
			defaultConfigurationName = Release;
		};
/* End XCConfigurationList section */
	};
	rootObject = 441D604123B20E7B00F07134 /* Project object */;
}
